
Microsoft Visual Studio Solution File, Format Version 12.00
# Visual Studio Version 17
VisualStudioVersion = 17.7.34202.233
MinimumVisualStudioVersion = 10.0.40219.1
Project("{9A19103F-16F7-4668-BE54-9A1E7A4F7556}") = "LAB07_20231023_Teachers", "LAB07_20231023_Teachers\LAB07_20231023_Teachers.csproj", "{07D57FD2-68E6-4F0C-AC0A-33922567A42A}"
EndProject
Project("{FAE04EC0-301F-11D3-BF4B-00C04F79EFBC}") = "kisZH", "kisZH\kisZH.csproj", "{23FEACA2-3FFD-4834-91D1-D10216D07728}"
EndProject
Global
	GlobalSection(SolutionConfigurationPlatforms) = preSolution
		Debug|Any CPU = Debug|Any CPU
		Release|Any CPU = Release|Any CPU
	EndGlobalSection
	GlobalSection(ProjectConfigurationPlatforms) = postSolution
		{07D57FD2-68E6-4F0C-AC0A-33922567A42A}.Debug|Any CPU.ActiveCfg = Debug|Any CPU
		{07D57FD2-68E6-4F0C-AC0A-33922567A42A}.Debug|Any CPU.Build.0 = Debug|Any CPU
		{07D57FD2-68E6-4F0C-AC0A-33922567A42A}.Release|Any CPU.ActiveCfg = Release|Any CPU
		{07D57FD2-68E6-4F0C-AC0A-33922567A42A}.Release|Any CPU.Build.0 = Release|Any CPU
		{23FEACA2-3FFD-4834-91D1-D10216D07728}.Debug|Any CPU.ActiveCfg = Debug|Any CPU
		{23FEACA2-3FFD-4834-91D1-D10216D07728}.Debug|Any CPU.Build.0 = Debug|Any CPU
		{23FEACA2-3FFD-4834-91D1-D10216D07728}.Release|Any CPU.ActiveCfg = Release|Any CPU
		{23FEACA2-3FFD-4834-91D1-D10216D07728}.Release|Any CPU.Build.0 = Release|Any CPU
	EndGlobalSection
	GlobalSection(SolutionProperties) = preSolution
		HideSolutionNode = FALSE
	EndGlobalSection
	GlobalSection(ExtensibilityGlobals) = postSolution
		SolutionGuid = {CA213A2E-0A58-4B3C-B683-FE20E87E112F}
	EndGlobalSection
EndGlobal
