
Microsoft Visual Studio Solution File, Format Version 12.00
# Visual Studio Version 17
VisualStudioVersion = 17.7.34202.233
MinimumVisualStudioVersion = 10.0.40219.1
Project("{FAE04EC0-301F-11D3-BF4B-00C04F79EFBC}") = "LAB08_20231030_Teachers", "LAB08_20231030_Teachers\LAB08_20231030_Teachers.csproj", "{3DC023CF-53ED-41E2-AB3A-554DB46DC1A0}"
EndProject
Project("{FAE04EC0-301F-11D3-BF4B-00C04F79EFBC}") = "KisZH", "KisZH\KisZH.csproj", "{E8D4C9C9-7B62-49FB-8921-1EA6B1E349C3}"
EndProject
Global
	GlobalSection(SolutionConfigurationPlatforms) = preSolution
		Debug|Any CPU = Debug|Any CPU
		Release|Any CPU = Release|Any CPU
	EndGlobalSection
	GlobalSection(ProjectConfigurationPlatforms) = postSolution
		{3DC023CF-53ED-41E2-AB3A-554DB46DC1A0}.Debug|Any CPU.ActiveCfg = Debug|Any CPU
		{3DC023CF-53ED-41E2-AB3A-554DB46DC1A0}.Debug|Any CPU.Build.0 = Debug|Any CPU
		{3DC023CF-53ED-41E2-AB3A-554DB46DC1A0}.Release|Any CPU.ActiveCfg = Release|Any CPU
		{3DC023CF-53ED-41E2-AB3A-554DB46DC1A0}.Release|Any CPU.Build.0 = Release|Any CPU
		{E8D4C9C9-7B62-49FB-8921-1EA6B1E349C3}.Debug|Any CPU.ActiveCfg = Debug|Any CPU
		{E8D4C9C9-7B62-49FB-8921-1EA6B1E349C3}.Debug|Any CPU.Build.0 = Debug|Any CPU
		{E8D4C9C9-7B62-49FB-8921-1EA6B1E349C3}.Release|Any CPU.ActiveCfg = Release|Any CPU
		{E8D4C9C9-7B62-49FB-8921-1EA6B1E349C3}.Release|Any CPU.Build.0 = Release|Any CPU
	EndGlobalSection
	GlobalSection(SolutionProperties) = preSolution
		HideSolutionNode = FALSE
	EndGlobalSection
	GlobalSection(ExtensibilityGlobals) = postSolution
		SolutionGuid = {59B4D81A-8AA1-4278-ACCF-984D8B93009D}
	EndGlobalSection
EndGlobal
